
Microsoft Visual Studio Solution File, Format Version 12.00
# Visual Studio Version 16
VisualStudioVersion = 16.0.31424.327
MinimumVisualStudioVersion = 10.0.40219.1
Project("{FAE04EC0-301F-11D3-BF4B-00C04F79EFBC}") = "CopyFile", "ThreadAndThreadPool\CopyFile.csproj", "{07232EE4-FB4E-433D-86A2-EB66CC4ED17D}"
EndProject
Global
	GlobalSection(SolutionConfigurationPlatforms) = preSolution
		Debug|Any CPU = Debug|Any CPU
		Release|Any CPU = Release|Any CPU
	EndGlobalSection
	GlobalSection(ProjectConfigurationPlatforms) = postSolution
		{07232EE4-FB4E-433D-86A2-EB66CC4ED17D}.Debug|Any CPU.ActiveCfg = Debug|Any CPU
		{07232EE4-FB4E-433D-86A2-EB66CC4ED17D}.Debug|Any CPU.Build.0 = Debug|Any CPU
		{07232EE4-FB4E-433D-86A2-EB66CC4ED17D}.Release|Any CPU.ActiveCfg = Release|Any CPU
		{07232EE4-FB4E-433D-86A2-EB66CC4ED17D}.Release|Any CPU.Build.0 = Release|Any CPU
	EndGlobalSection
	GlobalSection(SolutionProperties) = preSolution
		HideSolutionNode = FALSE
	EndGlobalSection
	GlobalSection(ExtensibilityGlobals) = postSolution
		SolutionGuid = {2E133CE6-6A31-492A-B38E-69427C87D1E0}
	EndGlobalSection
EndGlobal
